{
  "version": 4,
  "terraform_version": "1.1.3",
  "serial": 58,
  "lineage": "2cdaeae5-78d8-5cc6-ae61-53e83a2c7c6f",
  "outputs": {
    "aws_ec2_id": {
      "value": "aws_instance.public_ec2.id",
      "type": "string"
    },
    "aws_sg_id": {
      "value": "aws_security_group.terraform_private_sg.id",
      "type": "string"
    },
    "aws_subnet_id": {
      "value": "aws_subnet.public_subnet.id",
      "type": "string"
    },
    "aws_vpc_id": {
      "value": "aws_vpc.terraform-vpc.id",
      "type": "string"
    }
  },
  "resources": [
    {
      "mode": "managed",
      "type": "aws_ebs_volume",
      "name": "data-vol",
      "provider": "provider[\"registry.terraform.io/hashicorp/aws\"]",
      "instances": [
        {
          "schema_version": 0,
          "attributes": {
            "arn": "arn:aws:ec2:us-east-2:738087856818:volume/vol-03cf9e167441eba0d",
            "availability_zone": "us-east-2a",
            "encrypted": false,
            "id": "vol-03cf9e167441eba0d",
            "iops": 600,
            "kms_key_id": "",
            "multi_attach_enabled": false,
            "outpost_arn": "",
            "size": 200,
            "snapshot_id": "",
            "tags": {
              "Name": "data-volume"
            },
            "tags_all": {
              "Name": "data-volume"
            },
            "throughput": 0,
            "type": "gp2"
          },
          "sensitive_attributes": [],
          "private": "bnVsbA=="
        }
      ]
    },
    {
      "mode": "managed",
      "type": "aws_instance",
      "name": "public_ec2",
      "provider": "provider[\"registry.terraform.io/hashicorp/aws\"]",
      "instances": [
        {
          "schema_version": 1,
          "attributes": {
            "ami": "ami-0b614a5d911900a9b",
            "arn": "arn:aws:ec2:us-east-2:738087856818:instance/i-01d229fb6e85d3386",
            "associate_public_ip_address": true,
            "availability_zone": "us-east-2a",
            "capacity_reservation_specification": [
              {
                "capacity_reservation_preference": "open",
                "capacity_reservation_target": []
              }
            ],
            "cpu_core_count": 1,
            "cpu_threads_per_core": 1,
            "credit_specification": [
              {
                "cpu_credits": "standard"
              }
            ],
            "disable_api_termination": false,
            "ebs_block_device": [],
            "ebs_optimized": false,
            "enclave_options": [
              {
                "enabled": false
              }
            ],
            "ephemeral_block_device": [],
            "get_password_data": false,
            "hibernation": false,
            "host_id": null,
            "iam_instance_profile": "",
            "id": "i-01d229fb6e85d3386",
            "instance_initiated_shutdown_behavior": "stop",
            "instance_state": "running",
            "instance_type": "t2.micro",
            "ipv6_address_count": 0,
            "ipv6_addresses": [],
            "key_name": "s3-ec2",
            "launch_template": [],
            "metadata_options": [
              {
                "http_endpoint": "enabled",
                "http_put_response_hop_limit": 1,
                "http_tokens": "optional",
                "instance_metadata_tags": "disabled"
              }
            ],
            "monitoring": false,
            "network_interface": [],
            "outpost_arn": "",
            "password_data": "",
            "placement_group": "",
            "placement_partition_number": null,
            "primary_network_interface_id": "eni-0c5666bbadb7359fa",
            "private_dns": "ip-10-0-0-104.us-east-2.compute.internal",
            "private_ip": "10.0.0.104",
            "public_dns": "ec2-18-191-104-27.us-east-2.compute.amazonaws.com",
            "public_ip": "18.191.104.27",
            "root_block_device": [
              {
                "delete_on_termination": true,
                "device_name": "/dev/xvda",
                "encrypted": false,
                "iops": 300,
                "kms_key_id": "",
                "tags": null,
                "throughput": 0,
                "volume_id": "vol-0ee36a54d1c5fb06b",
                "volume_size": 100,
                "volume_type": "gp2"
              }
            ],
            "secondary_private_ips": [],
            "security_groups": [
              "sg-0f4e8650e27d76366"
            ],
            "source_dest_check": true,
            "subnet_id": "subnet-083caec72ecf719e3",
            "tags": {
              "Environment": "development",
              "Name": "Public_subnet_EC2",
              "Project": "TERRAFORM"
            },
            "tags_all": {
              "Environment": "development",
              "Name": "Public_subnet_EC2",
              "Project": "TERRAFORM"
            },
            "tenancy": "default",
            "timeouts": null,
            "user_data": "b3843e3318917bd103a2034420d2913bd8da8aba",
            "user_data_base64": null,
            "volume_tags": null,
            "vpc_security_group_ids": [
              "sg-0f4e8650e27d76366"
            ]
          },
          "sensitive_attributes": [],
          "private": "eyJlMmJmYjczMC1lY2FhLTExZTYtOGY4OC0zNDM2M2JjN2M0YzAiOnsiY3JlYXRlIjo2MDAwMDAwMDAwMDAsImRlbGV0ZSI6MTIwMDAwMDAwMDAwMCwidXBkYXRlIjo2MDAwMDAwMDAwMDB9LCJzY2hlbWFfdmVyc2lvbiI6IjEifQ==",
          "dependencies": [
            "aws_security_group.terraform_private_sg",
            "aws_subnet.public_subnet"
          ]
        }
      ]
    },
    {
      "mode": "managed",
      "type": "aws_internet_gateway",
      "name": "ig",
      "provider": "provider[\"registry.terraform.io/hashicorp/aws\"]",
      "instances": [
        {
          "schema_version": 0,
          "attributes": {
            "arn": "arn:aws:ec2:us-east-2:738087856818:internet-gateway/igw-01ef2b9bdfcaab92e",
            "id": "igw-01ef2b9bdfcaab92e",
            "owner_id": "738087856818",
            "tags": {
              "Name": "INTERNET_GATEWAY"
            },
            "tags_all": {
              "Name": "INTERNET_GATEWAY"
            },
            "vpc_id": "vpc-065c3c1e53107e269"
          },
          "sensitive_attributes": [],
          "private": "bnVsbA==",
          "dependencies": [
            "aws_vpc.terraform-vpc"
          ]
        }
      ]
    },
    {
      "mode": "managed",
      "type": "aws_route",
      "name": "public_internet_gateway",
      "provider": "provider[\"registry.terraform.io/hashicorp/aws\"]",
      "instances": [
        {
          "schema_version": 0,
          "attributes": {
            "carrier_gateway_id": "",
            "destination_cidr_block": "0.0.0.0/0",
            "destination_ipv6_cidr_block": "",
            "destination_prefix_list_id": "",
            "egress_only_gateway_id": "",
            "gateway_id": "igw-01ef2b9bdfcaab92e",
            "id": "r-rtb-0c92d00d16d185db21080289494",
            "instance_id": "",
            "instance_owner_id": "",
            "local_gateway_id": "",
            "nat_gateway_id": "",
            "network_interface_id": "",
            "origin": "CreateRoute",
            "route_table_id": "rtb-0c92d00d16d185db2",
            "state": "active",
            "timeouts": null,
            "transit_gateway_id": "",
            "vpc_endpoint_id": "",
            "vpc_peering_connection_id": ""
          },
          "sensitive_attributes": [],
          "private": "eyJlMmJmYjczMC1lY2FhLTExZTYtOGY4OC0zNDM2M2JjN2M0YzAiOnsiY3JlYXRlIjozMDAwMDAwMDAwMDAsImRlbGV0ZSI6MzAwMDAwMDAwMDAwLCJ1cGRhdGUiOjEyMDAwMDAwMDAwMH19",
          "dependencies": [
            "aws_internet_gateway.ig",
            "aws_route_table.public",
            "aws_vpc.terraform-vpc"
          ]
        }
      ]
    },
    {
      "mode": "managed",
      "type": "aws_route_table",
      "name": "public",
      "provider": "provider[\"registry.terraform.io/hashicorp/aws\"]",
      "instances": [
        {
          "schema_version": 0,
          "attributes": {
            "arn": "arn:aws:ec2:us-east-2:738087856818:route-table/rtb-0c92d00d16d185db2",
            "id": "rtb-0c92d00d16d185db2",
            "owner_id": "738087856818",
            "propagating_vgws": [],
            "route": [
              {
                "carrier_gateway_id": "",
                "cidr_block": "0.0.0.0/0",
                "destination_prefix_list_id": "",
                "egress_only_gateway_id": "",
                "gateway_id": "igw-01ef2b9bdfcaab92e",
                "instance_id": "",
                "ipv6_cidr_block": "",
                "local_gateway_id": "",
                "nat_gateway_id": "",
                "network_interface_id": "",
                "transit_gateway_id": "",
                "vpc_endpoint_id": "",
                "vpc_peering_connection_id": ""
              }
            ],
            "tags": {
              "Name": "ROUTE_TABLE"
            },
            "tags_all": {
              "Name": "ROUTE_TABLE"
            },
            "timeouts": null,
            "vpc_id": "vpc-065c3c1e53107e269"
          },
          "sensitive_attributes": [],
          "private": "eyJlMmJmYjczMC1lY2FhLTExZTYtOGY4OC0zNDM2M2JjN2M0YzAiOnsiY3JlYXRlIjozMDAwMDAwMDAwMDAsImRlbGV0ZSI6MzAwMDAwMDAwMDAwLCJ1cGRhdGUiOjEyMDAwMDAwMDAwMH19",
          "dependencies": [
            "aws_vpc.terraform-vpc"
          ]
        }
      ]
    },
    {
      "mode": "managed",
      "type": "aws_route_table_association",
      "name": "public",
      "provider": "provider[\"registry.terraform.io/hashicorp/aws\"]",
      "instances": [
        {
          "schema_version": 0,
          "attributes": {
            "gateway_id": "",
            "id": "rtbassoc-09475b7dafb867c5b",
            "route_table_id": "rtb-0c92d00d16d185db2",
            "subnet_id": "subnet-083caec72ecf719e3"
          },
          "sensitive_attributes": [],
          "private": "bnVsbA==",
          "dependencies": [
            "aws_route_table.public",
            "aws_subnet.public_subnet",
            "aws_vpc.terraform-vpc"
          ]
        }
      ]
    },
    {
      "mode": "managed",
      "type": "aws_security_group",
      "name": "terraform_private_sg",
      "provider": "provider[\"registry.terraform.io/hashicorp/aws\"]",
      "instances": [
        {
          "schema_version": 1,
          "attributes": {
            "arn": "arn:aws:ec2:us-east-2:738087856818:security-group/sg-0f4e8650e27d76366",
            "description": "Allow limited inbound external traffic",
            "egress": [
              {
                "cidr_blocks": [
                  "0.0.0.0/0"
                ],
                "description": "",
                "from_port": 0,
                "ipv6_cidr_blocks": [],
                "prefix_list_ids": [],
                "protocol": "-1",
                "security_groups": [],
                "self": false,
                "to_port": 0
              }
            ],
            "id": "sg-0f4e8650e27d76366",
            "ingress": [
              {
                "cidr_blocks": [
                  "0.0.0.0/0"
                ],
                "description": "",
                "from_port": 22,
                "ipv6_cidr_blocks": [],
                "prefix_list_ids": [],
                "protocol": "tcp",
                "security_groups": [],
                "self": false,
                "to_port": 80
              }
            ],
            "name": "terraform_ec2_private_sg",
            "name_prefix": "",
            "owner_id": "738087856818",
            "revoke_rules_on_delete": false,
            "tags": {
              "Name": "ec2-sg"
            },
            "tags_all": {
              "Name": "ec2-sg"
            },
            "timeouts": null,
            "vpc_id": "vpc-065c3c1e53107e269"
          },
          "sensitive_attributes": [],
          "private": "eyJlMmJmYjczMC1lY2FhLTExZTYtOGY4OC0zNDM2M2JjN2M0YzAiOnsiY3JlYXRlIjo2MDAwMDAwMDAwMDAsImRlbGV0ZSI6OTAwMDAwMDAwMDAwfSwic2NoZW1hX3ZlcnNpb24iOiIxIn0=",
          "dependencies": [
            "aws_vpc.terraform-vpc"
          ]
        }
      ]
    },
    {
      "mode": "managed",
      "type": "aws_subnet",
      "name": "public_subnet",
      "provider": "provider[\"registry.terraform.io/hashicorp/aws\"]",
      "instances": [
        {
          "schema_version": 1,
          "attributes": {
            "arn": "arn:aws:ec2:us-east-2:738087856818:subnet/subnet-083caec72ecf719e3",
            "assign_ipv6_address_on_creation": false,
            "availability_zone": "us-east-2a",
            "availability_zone_id": "use2-az1",
            "cidr_block": "10.0.0.0/24",
            "customer_owned_ipv4_pool": "",
            "enable_dns64": false,
            "enable_resource_name_dns_a_record_on_launch": false,
            "enable_resource_name_dns_aaaa_record_on_launch": false,
            "id": "subnet-083caec72ecf719e3",
            "ipv6_cidr_block": "",
            "ipv6_cidr_block_association_id": "",
            "ipv6_native": false,
            "map_customer_owned_ip_on_launch": false,
            "map_public_ip_on_launch": true,
            "outpost_arn": "",
            "owner_id": "738087856818",
            "private_dns_hostname_type_on_launch": "ip-name",
            "tags": {
              "Name": "PUBLIC_SUBNET"
            },
            "tags_all": {
              "Name": "PUBLIC_SUBNET"
            },
            "timeouts": null,
            "vpc_id": "vpc-065c3c1e53107e269"
          },
          "sensitive_attributes": [],
          "private": "eyJlMmJmYjczMC1lY2FhLTExZTYtOGY4OC0zNDM2M2JjN2M0YzAiOnsiY3JlYXRlIjo2MDAwMDAwMDAwMDAsImRlbGV0ZSI6MTIwMDAwMDAwMDAwMH0sInNjaGVtYV92ZXJzaW9uIjoiMSJ9",
          "dependencies": [
            "aws_vpc.terraform-vpc"
          ]
        }
      ]
    },
    {
      "mode": "managed",
      "type": "aws_volume_attachment",
      "name": "good-morning-vol",
      "provider": "provider[\"registry.terraform.io/hashicorp/aws\"]",
      "instances": [
        {
          "schema_version": 0,
          "attributes": {
            "device_name": "/dev/xvdb",
            "force_detach": null,
            "id": "vai-1840569651",
            "instance_id": "i-01d229fb6e85d3386",
            "skip_destroy": null,
            "stop_instance_before_detaching": null,
            "volume_id": "vol-03cf9e167441eba0d"
          },
          "sensitive_attributes": [],
          "private": "bnVsbA==",
          "dependencies": [
            "aws_ebs_volume.data-vol",
            "aws_instance.public_ec2",
            "aws_security_group.terraform_private_sg",
            "aws_subnet.public_subnet"
          ]
        }
      ]
    },
    {
      "mode": "managed",
      "type": "aws_vpc",
      "name": "terraform-vpc",
      "provider": "provider[\"registry.terraform.io/hashicorp/aws\"]",
      "instances": [
        {
          "schema_version": 1,
          "attributes": {
            "arn": "arn:aws:ec2:us-east-2:738087856818:vpc/vpc-065c3c1e53107e269",
            "assign_generated_ipv6_cidr_block": false,
            "cidr_block": "10.0.0.0/16",
            "default_network_acl_id": "acl-0970e1382eb6ff06c",
            "default_route_table_id": "rtb-0602626dd4f9997d1",
            "default_security_group_id": "sg-0b7383c38f6f0c59f",
            "dhcp_options_id": "dopt-026acfe6efb4bc34a",
            "enable_classiclink": false,
            "enable_classiclink_dns_support": false,
            "enable_dns_hostnames": true,
            "enable_dns_support": true,
            "id": "vpc-065c3c1e53107e269",
            "instance_tenancy": "default",
            "ipv4_ipam_pool_id": null,
            "ipv4_netmask_length": null,
            "ipv6_association_id": "",
            "ipv6_cidr_block": "",
            "ipv6_cidr_block_network_border_group": "",
            "ipv6_ipam_pool_id": "",
            "ipv6_netmask_length": 0,
            "main_route_table_id": "rtb-0602626dd4f9997d1",
            "owner_id": "738087856818",
            "tags": {
              "Name": "terraform-demo-vpc"
            },
            "tags_all": {
              "Name": "terraform-demo-vpc"
            }
          },
          "sensitive_attributes": [],
          "private": "eyJzY2hlbWFfdmVyc2lvbiI6IjEifQ=="
        }
      ]
    }
  ]
}
